
Microsoft Visual Studio Solution File, Format Version 12.00
# Visual Studio Version 17
VisualStudioVersion = 17.10.35013.160
MinimumVisualStudioVersion = 10.0.40219.1
Project("{8BC9CEB8-8B4A-11D0-8D11-00A0C91BC942}") = "Solve1", "CodingTestPractice\CodingTestPractice.vcxproj", "{A22442CB-18F9-4071-B919-66649733F776}"
EndProject
Project("{8BC9CEB8-8B4A-11D0-8D11-00A0C91BC942}") = "Solve2", "Solve2\Solve2.vcxproj", "{4AC4411A-D24F-4729-ABFA-CCA253AB1277}"
EndProject
Project("{8BC9CEB8-8B4A-11D0-8D11-00A0C91BC942}") = "Solve3", "Solve3\Solve3.vcxproj", "{AC9F9C33-5963-4784-842E-EF9BF01E5FCB}"
EndProject
Project("{8BC9CEB8-8B4A-11D0-8D11-00A0C91BC942}") = "Solve4", "Solve4\Solve4.vcxproj", "{1D326736-808B-4546-9CDD-E1D5DAD03A4C}"
EndProject
Project("{8BC9CEB8-8B4A-11D0-8D11-00A0C91BC942}") = "Solve5", "Solve5\Solve5.vcxproj", "{AC895D20-D9CB-4A88-BD41-2FCC6E5E6F36}"
EndProject
Project("{8BC9CEB8-8B4A-11D0-8D11-00A0C91BC942}") = "Solve6", "Solve6\Solve6.vcxproj", "{1A0C2197-2456-4879-B367-A86C7654B6AB}"
EndProject
Project("{8BC9CEB8-8B4A-11D0-8D11-00A0C91BC942}") = "Solve7", "Solve7\Solve7.vcxproj", "{72AC6E00-3892-40A5-A947-575B4339CE1C}"
EndProject
Project("{8BC9CEB8-8B4A-11D0-8D11-00A0C91BC942}") = "Solve8", "Solve8\Solve8.vcxproj", "{52576B00-CB2B-478A-8B0D-BB5CE4BA88EC}"
EndProject
Project("{8BC9CEB8-8B4A-11D0-8D11-00A0C91BC942}") = "Solve9", "Solve9\Solve9.vcxproj", "{0E8D1E1C-8C88-4237-B100-1372E2221064}"
EndProject
Project("{8BC9CEB8-8B4A-11D0-8D11-00A0C91BC942}") = "Solve10", "Solve10\Solve10.vcxproj", "{C8C316BA-2100-4487-BF7B-60B569507C58}"
EndProject
Project("{8BC9CEB8-8B4A-11D0-8D11-00A0C91BC942}") = "Solve11", "Solve11\Solve11.vcxproj", "{AA27D372-1E2C-4CFA-8722-FF804240BAA4}"
EndProject
Project("{8BC9CEB8-8B4A-11D0-8D11-00A0C91BC942}") = "Solve12", "Solve12\Solve12.vcxproj", "{DF095820-D8AB-4909-AFA5-FEDC5F18D45C}"
EndProject
Project("{8BC9CEB8-8B4A-11D0-8D11-00A0C91BC942}") = "Solve13", "Solve13\Solve13.vcxproj", "{4DA0F921-1C59-4D8D-A7B4-812EAFA6783E}"
EndProject
Project("{8BC9CEB8-8B4A-11D0-8D11-00A0C91BC942}") = "Solve14", "Solve14\Solve14.vcxproj", "{578FC161-186C-4D4A-A07E-967EBE2FA74A}"
EndProject
Project("{8BC9CEB8-8B4A-11D0-8D11-00A0C91BC942}") = "Solve15", "Solve15\Solve15.vcxproj", "{9A292009-4653-4E71-8D72-E9712BCEFA99}"
EndProject
Project("{8BC9CEB8-8B4A-11D0-8D11-00A0C91BC942}") = "Solve16", "Solve16\Solve16.vcxproj", "{65239686-722F-4C47-8C89-8118788765D8}"
EndProject
Project("{8BC9CEB8-8B4A-11D0-8D11-00A0C91BC942}") = "Solve17", "Solve17\Solve17.vcxproj", "{D83283B4-F76C-403A-9273-016EB0211E2D}"
EndProject
Project("{8BC9CEB8-8B4A-11D0-8D11-00A0C91BC942}") = "Solve18", "Solve18\Solve18.vcxproj", "{55FCC56E-BF9A-4DFA-9991-B171AC597552}"
EndProject
Project("{8BC9CEB8-8B4A-11D0-8D11-00A0C91BC942}") = "Solve19", "Solve19\Solve19.vcxproj", "{DF5ED81F-89E4-40F9-9DAD-762B23BA3170}"
EndProject
Project("{8BC9CEB8-8B4A-11D0-8D11-00A0C91BC942}") = "Solve20", "Solve20\Solve20.vcxproj", "{99A8DC09-FC66-4C1C-9F02-B8757C3AEED5}"
EndProject
Project("{8BC9CEB8-8B4A-11D0-8D11-00A0C91BC942}") = "Solve22", "Solve22\Solve22.vcxproj", "{41BB05E3-AFE0-43EE-81D4-E183198CD44C}"
EndProject
Project("{8BC9CEB8-8B4A-11D0-8D11-00A0C91BC942}") = "Solve23", "Solve23\Solve23.vcxproj", "{AB88F32C-21D7-4E88-8536-2E68E0235998}"
EndProject
Project("{8BC9CEB8-8B4A-11D0-8D11-00A0C91BC942}") = "Solve24", "Solve24\Solve24.vcxproj", "{F254AC0E-F5A1-43CF-9E20-633EA8183F58}"
EndProject
Project("{8BC9CEB8-8B4A-11D0-8D11-00A0C91BC942}") = "Solve25", "Solve25\Solve25.vcxproj", "{E028BCB8-EFBB-4422-B125-F7397F1192A9}"
EndProject
Project("{8BC9CEB8-8B4A-11D0-8D11-00A0C91BC942}") = "Solve26", "Solve26\Solve26.vcxproj", "{139A57CB-5FA1-4A92-925F-3E3A029B0C0F}"
EndProject
Project("{8BC9CEB8-8B4A-11D0-8D11-00A0C91BC942}") = "Solve27", "Solve27\Solve27.vcxproj", "{94E5C6D1-DE03-4B14-9DFD-E1624422AC69}"
EndProject
Project("{8BC9CEB8-8B4A-11D0-8D11-00A0C91BC942}") = "Solve28", "Solve28\Solve28.vcxproj", "{CC99DCF2-47C4-4E0E-9CD3-34D94209A378}"
EndProject
Project("{8BC9CEB8-8B4A-11D0-8D11-00A0C91BC942}") = "Solve29", "Solve29\Solve29.vcxproj", "{66B07456-0920-45BB-860A-5BFE8B7DD7FE}"
EndProject
Project("{8BC9CEB8-8B4A-11D0-8D11-00A0C91BC942}") = "Solve30", "Solve30\Solve30.vcxproj", "{E7DCB7A8-2C34-4F87-BF2E-DC6F385F59B5}"
EndProject
Project("{8BC9CEB8-8B4A-11D0-8D11-00A0C91BC942}") = "Solve32", "Solve32\Solve32.vcxproj", "{927395D9-E0FA-4E7A-9B20-A3B0B8DE333A}"
EndProject
Project("{8BC9CEB8-8B4A-11D0-8D11-00A0C91BC942}") = "Solve33", "Solve33\Solve33.vcxproj", "{F5E5A00C-8E16-4325-AECD-4EF2B59BC67D}"
EndProject
Project("{8BC9CEB8-8B4A-11D0-8D11-00A0C91BC942}") = "Solve34", "Solve34\Solve34.vcxproj", "{9DA12232-0122-4226-A3D8-06D461DC016A}"
EndProject
Global
	GlobalSection(SolutionConfigurationPlatforms) = preSolution
		Debug|x64 = Debug|x64
		Debug|x86 = Debug|x86
		Release|x64 = Release|x64
		Release|x86 = Release|x86
	EndGlobalSection
	GlobalSection(ProjectConfigurationPlatforms) = postSolution
		{A22442CB-18F9-4071-B919-66649733F776}.Debug|x64.ActiveCfg = Debug|x64
		{A22442CB-18F9-4071-B919-66649733F776}.Debug|x64.Build.0 = Debug|x64
		{A22442CB-18F9-4071-B919-66649733F776}.Debug|x86.ActiveCfg = Debug|Win32
		{A22442CB-18F9-4071-B919-66649733F776}.Debug|x86.Build.0 = Debug|Win32
		{A22442CB-18F9-4071-B919-66649733F776}.Release|x64.ActiveCfg = Release|x64
		{A22442CB-18F9-4071-B919-66649733F776}.Release|x64.Build.0 = Release|x64
		{A22442CB-18F9-4071-B919-66649733F776}.Release|x86.ActiveCfg = Release|Win32
		{A22442CB-18F9-4071-B919-66649733F776}.Release|x86.Build.0 = Release|Win32
		{4AC4411A-D24F-4729-ABFA-CCA253AB1277}.Debug|x64.ActiveCfg = Debug|x64
		{4AC4411A-D24F-4729-ABFA-CCA253AB1277}.Debug|x64.Build.0 = Debug|x64
		{4AC4411A-D24F-4729-ABFA-CCA253AB1277}.Debug|x86.ActiveCfg = Debug|Win32
		{4AC4411A-D24F-4729-ABFA-CCA253AB1277}.Debug|x86.Build.0 = Debug|Win32
		{4AC4411A-D24F-4729-ABFA-CCA253AB1277}.Release|x64.ActiveCfg = Release|x64
		{4AC4411A-D24F-4729-ABFA-CCA253AB1277}.Release|x64.Build.0 = Release|x64
		{4AC4411A-D24F-4729-ABFA-CCA253AB1277}.Release|x86.ActiveCfg = Release|Win32
		{4AC4411A-D24F-4729-ABFA-CCA253AB1277}.Release|x86.Build.0 = Release|Win32
		{AC9F9C33-5963-4784-842E-EF9BF01E5FCB}.Debug|x64.ActiveCfg = Debug|x64
		{AC9F9C33-5963-4784-842E-EF9BF01E5FCB}.Debug|x64.Build.0 = Debug|x64
		{AC9F9C33-5963-4784-842E-EF9BF01E5FCB}.Debug|x86.ActiveCfg = Debug|Win32
		{AC9F9C33-5963-4784-842E-EF9BF01E5FCB}.Debug|x86.Build.0 = Debug|Win32
		{AC9F9C33-5963-4784-842E-EF9BF01E5FCB}.Release|x64.ActiveCfg = Release|x64
		{AC9F9C33-5963-4784-842E-EF9BF01E5FCB}.Release|x64.Build.0 = Release|x64
		{AC9F9C33-5963-4784-842E-EF9BF01E5FCB}.Release|x86.ActiveCfg = Release|Win32
		{AC9F9C33-5963-4784-842E-EF9BF01E5FCB}.Release|x86.Build.0 = Release|Win32
		{1D326736-808B-4546-9CDD-E1D5DAD03A4C}.Debug|x64.ActiveCfg = Debug|x64
		{1D326736-808B-4546-9CDD-E1D5DAD03A4C}.Debug|x64.Build.0 = Debug|x64
		{1D326736-808B-4546-9CDD-E1D5DAD03A4C}.Debug|x86.ActiveCfg = Debug|Win32
		{1D326736-808B-4546-9CDD-E1D5DAD03A4C}.Debug|x86.Build.0 = Debug|Win32
		{1D326736-808B-4546-9CDD-E1D5DAD03A4C}.Release|x64.ActiveCfg = Release|x64
		{1D326736-808B-4546-9CDD-E1D5DAD03A4C}.Release|x64.Build.0 = Release|x64
		{1D326736-808B-4546-9CDD-E1D5DAD03A4C}.Release|x86.ActiveCfg = Release|Win32
		{1D326736-808B-4546-9CDD-E1D5DAD03A4C}.Release|x86.Build.0 = Release|Win32
		{AC895D20-D9CB-4A88-BD41-2FCC6E5E6F36}.Debug|x64.ActiveCfg = Debug|x64
		{AC895D20-D9CB-4A88-BD41-2FCC6E5E6F36}.Debug|x64.Build.0 = Debug|x64
		{AC895D20-D9CB-4A88-BD41-2FCC6E5E6F36}.Debug|x86.ActiveCfg = Debug|Win32
		{AC895D20-D9CB-4A88-BD41-2FCC6E5E6F36}.Debug|x86.Build.0 = Debug|Win32
		{AC895D20-D9CB-4A88-BD41-2FCC6E5E6F36}.Release|x64.ActiveCfg = Release|x64
		{AC895D20-D9CB-4A88-BD41-2FCC6E5E6F36}.Release|x64.Build.0 = Release|x64
		{AC895D20-D9CB-4A88-BD41-2FCC6E5E6F36}.Release|x86.ActiveCfg = Release|Win32
		{AC895D20-D9CB-4A88-BD41-2FCC6E5E6F36}.Release|x86.Build.0 = Release|Win32
		{1A0C2197-2456-4879-B367-A86C7654B6AB}.Debug|x64.ActiveCfg = Debug|x64
		{1A0C2197-2456-4879-B367-A86C7654B6AB}.Debug|x64.Build.0 = Debug|x64
		{1A0C2197-2456-4879-B367-A86C7654B6AB}.Debug|x86.ActiveCfg = Debug|Win32
		{1A0C2197-2456-4879-B367-A86C7654B6AB}.Debug|x86.Build.0 = Debug|Win32
		{1A0C2197-2456-4879-B367-A86C7654B6AB}.Release|x64.ActiveCfg = Release|x64
		{1A0C2197-2456-4879-B367-A86C7654B6AB}.Release|x64.Build.0 = Release|x64
		{1A0C2197-2456-4879-B367-A86C7654B6AB}.Release|x86.ActiveCfg = Release|Win32
		{1A0C2197-2456-4879-B367-A86C7654B6AB}.Release|x86.Build.0 = Release|Win32
		{72AC6E00-3892-40A5-A947-575B4339CE1C}.Debug|x64.ActiveCfg = Debug|x64
		{72AC6E00-3892-40A5-A947-575B4339CE1C}.Debug|x64.Build.0 = Debug|x64
		{72AC6E00-3892-40A5-A947-575B4339CE1C}.Debug|x86.ActiveCfg = Debug|Win32
		{72AC6E00-3892-40A5-A947-575B4339CE1C}.Debug|x86.Build.0 = Debug|Win32
		{72AC6E00-3892-40A5-A947-575B4339CE1C}.Release|x64.ActiveCfg = Release|x64
		{72AC6E00-3892-40A5-A947-575B4339CE1C}.Release|x64.Build.0 = Release|x64
		{72AC6E00-3892-40A5-A947-575B4339CE1C}.Release|x86.ActiveCfg = Release|Win32
		{72AC6E00-3892-40A5-A947-575B4339CE1C}.Release|x86.Build.0 = Release|Win32
		{52576B00-CB2B-478A-8B0D-BB5CE4BA88EC}.Debug|x64.ActiveCfg = Debug|x64
		{52576B00-CB2B-478A-8B0D-BB5CE4BA88EC}.Debug|x64.Build.0 = Debug|x64
		{52576B00-CB2B-478A-8B0D-BB5CE4BA88EC}.Debug|x86.ActiveCfg = Debug|Win32
		{52576B00-CB2B-478A-8B0D-BB5CE4BA88EC}.Debug|x86.Build.0 = Debug|Win32
		{52576B00-CB2B-478A-8B0D-BB5CE4BA88EC}.Release|x64.ActiveCfg = Release|x64
		{52576B00-CB2B-478A-8B0D-BB5CE4BA88EC}.Release|x64.Build.0 = Release|x64
		{52576B00-CB2B-478A-8B0D-BB5CE4BA88EC}.Release|x86.ActiveCfg = Release|Win32
		{52576B00-CB2B-478A-8B0D-BB5CE4BA88EC}.Release|x86.Build.0 = Release|Win32
		{0E8D1E1C-8C88-4237-B100-1372E2221064}.Debug|x64.ActiveCfg = Debug|x64
		{0E8D1E1C-8C88-4237-B100-1372E2221064}.Debug|x64.Build.0 = Debug|x64
		{0E8D1E1C-8C88-4237-B100-1372E2221064}.Debug|x86.ActiveCfg = Debug|Win32
		{0E8D1E1C-8C88-4237-B100-1372E2221064}.Debug|x86.Build.0 = Debug|Win32
		{0E8D1E1C-8C88-4237-B100-1372E2221064}.Release|x64.ActiveCfg = Release|x64
		{0E8D1E1C-8C88-4237-B100-1372E2221064}.Release|x64.Build.0 = Release|x64
		{0E8D1E1C-8C88-4237-B100-1372E2221064}.Release|x86.ActiveCfg = Release|Win32
		{0E8D1E1C-8C88-4237-B100-1372E2221064}.Release|x86.Build.0 = Release|Win32
		{C8C316BA-2100-4487-BF7B-60B569507C58}.Debug|x64.ActiveCfg = Debug|x64
		{C8C316BA-2100-4487-BF7B-60B569507C58}.Debug|x64.Build.0 = Debug|x64
		{C8C316BA-2100-4487-BF7B-60B569507C58}.Debug|x86.ActiveCfg = Debug|Win32
		{C8C316BA-2100-4487-BF7B-60B569507C58}.Debug|x86.Build.0 = Debug|Win32
		{C8C316BA-2100-4487-BF7B-60B569507C58}.Release|x64.ActiveCfg = Release|x64
		{C8C316BA-2100-4487-BF7B-60B569507C58}.Release|x64.Build.0 = Release|x64
		{C8C316BA-2100-4487-BF7B-60B569507C58}.Release|x86.ActiveCfg = Release|Win32
		{C8C316BA-2100-4487-BF7B-60B569507C58}.Release|x86.Build.0 = Release|Win32
		{AA27D372-1E2C-4CFA-8722-FF804240BAA4}.Debug|x64.ActiveCfg = Debug|x64
		{AA27D372-1E2C-4CFA-8722-FF804240BAA4}.Debug|x64.Build.0 = Debug|x64
		{AA27D372-1E2C-4CFA-8722-FF804240BAA4}.Debug|x86.ActiveCfg = Debug|Win32
		{AA27D372-1E2C-4CFA-8722-FF804240BAA4}.Debug|x86.Build.0 = Debug|Win32
		{AA27D372-1E2C-4CFA-8722-FF804240BAA4}.Release|x64.ActiveCfg = Release|x64
		{AA27D372-1E2C-4CFA-8722-FF804240BAA4}.Release|x64.Build.0 = Release|x64
		{AA27D372-1E2C-4CFA-8722-FF804240BAA4}.Release|x86.ActiveCfg = Release|Win32
		{AA27D372-1E2C-4CFA-8722-FF804240BAA4}.Release|x86.Build.0 = Release|Win32
		{DF095820-D8AB-4909-AFA5-FEDC5F18D45C}.Debug|x64.ActiveCfg = Debug|x64
		{DF095820-D8AB-4909-AFA5-FEDC5F18D45C}.Debug|x64.Build.0 = Debug|x64
		{DF095820-D8AB-4909-AFA5-FEDC5F18D45C}.Debug|x86.ActiveCfg = Debug|Win32
		{DF095820-D8AB-4909-AFA5-FEDC5F18D45C}.Debug|x86.Build.0 = Debug|Win32
		{DF095820-D8AB-4909-AFA5-FEDC5F18D45C}.Release|x64.ActiveCfg = Release|x64
		{DF095820-D8AB-4909-AFA5-FEDC5F18D45C}.Release|x64.Build.0 = Release|x64
		{DF095820-D8AB-4909-AFA5-FEDC5F18D45C}.Release|x86.ActiveCfg = Release|Win32
		{DF095820-D8AB-4909-AFA5-FEDC5F18D45C}.Release|x86.Build.0 = Release|Win32
		{4DA0F921-1C59-4D8D-A7B4-812EAFA6783E}.Debug|x64.ActiveCfg = Debug|x64
		{4DA0F921-1C59-4D8D-A7B4-812EAFA6783E}.Debug|x64.Build.0 = Debug|x64
		{4DA0F921-1C59-4D8D-A7B4-812EAFA6783E}.Debug|x86.ActiveCfg = Debug|Win32
		{4DA0F921-1C59-4D8D-A7B4-812EAFA6783E}.Debug|x86.Build.0 = Debug|Win32
		{4DA0F921-1C59-4D8D-A7B4-812EAFA6783E}.Release|x64.ActiveCfg = Release|x64
		{4DA0F921-1C59-4D8D-A7B4-812EAFA6783E}.Release|x64.Build.0 = Release|x64
		{4DA0F921-1C59-4D8D-A7B4-812EAFA6783E}.Release|x86.ActiveCfg = Release|Win32
		{4DA0F921-1C59-4D8D-A7B4-812EAFA6783E}.Release|x86.Build.0 = Release|Win32
		{578FC161-186C-4D4A-A07E-967EBE2FA74A}.Debug|x64.ActiveCfg = Debug|x64
		{578FC161-186C-4D4A-A07E-967EBE2FA74A}.Debug|x64.Build.0 = Debug|x64
		{578FC161-186C-4D4A-A07E-967EBE2FA74A}.Debug|x86.ActiveCfg = Debug|Win32
		{578FC161-186C-4D4A-A07E-967EBE2FA74A}.Debug|x86.Build.0 = Debug|Win32
		{578FC161-186C-4D4A-A07E-967EBE2FA74A}.Release|x64.ActiveCfg = Release|x64
		{578FC161-186C-4D4A-A07E-967EBE2FA74A}.Release|x64.Build.0 = Release|x64
		{578FC161-186C-4D4A-A07E-967EBE2FA74A}.Release|x86.ActiveCfg = Release|Win32
		{578FC161-186C-4D4A-A07E-967EBE2FA74A}.Release|x86.Build.0 = Release|Win32
		{9A292009-4653-4E71-8D72-E9712BCEFA99}.Debug|x64.ActiveCfg = Debug|x64
		{9A292009-4653-4E71-8D72-E9712BCEFA99}.Debug|x64.Build.0 = Debug|x64
		{9A292009-4653-4E71-8D72-E9712BCEFA99}.Debug|x86.ActiveCfg = Debug|Win32
		{9A292009-4653-4E71-8D72-E9712BCEFA99}.Debug|x86.Build.0 = Debug|Win32
		{9A292009-4653-4E71-8D72-E9712BCEFA99}.Release|x64.ActiveCfg = Release|x64
		{9A292009-4653-4E71-8D72-E9712BCEFA99}.Release|x64.Build.0 = Release|x64
		{9A292009-4653-4E71-8D72-E9712BCEFA99}.Release|x86.ActiveCfg = Release|Win32
		{9A292009-4653-4E71-8D72-E9712BCEFA99}.Release|x86.Build.0 = Release|Win32
		{65239686-722F-4C47-8C89-8118788765D8}.Debug|x64.ActiveCfg = Debug|x64
		{65239686-722F-4C47-8C89-8118788765D8}.Debug|x64.Build.0 = Debug|x64
		{65239686-722F-4C47-8C89-8118788765D8}.Debug|x86.ActiveCfg = Debug|Win32
		{65239686-722F-4C47-8C89-8118788765D8}.Debug|x86.Build.0 = Debug|Win32
		{65239686-722F-4C47-8C89-8118788765D8}.Release|x64.ActiveCfg = Release|x64
		{65239686-722F-4C47-8C89-8118788765D8}.Release|x64.Build.0 = Release|x64
		{65239686-722F-4C47-8C89-8118788765D8}.Release|x86.ActiveCfg = Release|Win32
		{65239686-722F-4C47-8C89-8118788765D8}.Release|x86.Build.0 = Release|Win32
		{D83283B4-F76C-403A-9273-016EB0211E2D}.Debug|x64.ActiveCfg = Debug|x64
		{D83283B4-F76C-403A-9273-016EB0211E2D}.Debug|x64.Build.0 = Debug|x64
		{D83283B4-F76C-403A-9273-016EB0211E2D}.Debug|x86.ActiveCfg = Debug|Win32
		{D83283B4-F76C-403A-9273-016EB0211E2D}.Debug|x86.Build.0 = Debug|Win32
		{D83283B4-F76C-403A-9273-016EB0211E2D}.Release|x64.ActiveCfg = Release|x64
		{D83283B4-F76C-403A-9273-016EB0211E2D}.Release|x64.Build.0 = Release|x64
		{D83283B4-F76C-403A-9273-016EB0211E2D}.Release|x86.ActiveCfg = Release|Win32
		{D83283B4-F76C-403A-9273-016EB0211E2D}.Release|x86.Build.0 = Release|Win32
		{55FCC56E-BF9A-4DFA-9991-B171AC597552}.Debug|x64.ActiveCfg = Debug|x64
		{55FCC56E-BF9A-4DFA-9991-B171AC597552}.Debug|x64.Build.0 = Debug|x64
		{55FCC56E-BF9A-4DFA-9991-B171AC597552}.Debug|x86.ActiveCfg = Debug|Win32
		{55FCC56E-BF9A-4DFA-9991-B171AC597552}.Debug|x86.Build.0 = Debug|Win32
		{55FCC56E-BF9A-4DFA-9991-B171AC597552}.Release|x64.ActiveCfg = Release|x64
		{55FCC56E-BF9A-4DFA-9991-B171AC597552}.Release|x64.Build.0 = Release|x64
		{55FCC56E-BF9A-4DFA-9991-B171AC597552}.Release|x86.ActiveCfg = Release|Win32
		{55FCC56E-BF9A-4DFA-9991-B171AC597552}.Release|x86.Build.0 = Release|Win32
		{DF5ED81F-89E4-40F9-9DAD-762B23BA3170}.Debug|x64.ActiveCfg = Debug|x64
		{DF5ED81F-89E4-40F9-9DAD-762B23BA3170}.Debug|x64.Build.0 = Debug|x64
		{DF5ED81F-89E4-40F9-9DAD-762B23BA3170}.Debug|x86.ActiveCfg = Debug|Win32
		{DF5ED81F-89E4-40F9-9DAD-762B23BA3170}.Debug|x86.Build.0 = Debug|Win32
		{DF5ED81F-89E4-40F9-9DAD-762B23BA3170}.Release|x64.ActiveCfg = Release|x64
		{DF5ED81F-89E4-40F9-9DAD-762B23BA3170}.Release|x64.Build.0 = Release|x64
		{DF5ED81F-89E4-40F9-9DAD-762B23BA3170}.Release|x86.ActiveCfg = Release|Win32
		{DF5ED81F-89E4-40F9-9DAD-762B23BA3170}.Release|x86.Build.0 = Release|Win32
		{99A8DC09-FC66-4C1C-9F02-B8757C3AEED5}.Debug|x64.ActiveCfg = Debug|x64
		{99A8DC09-FC66-4C1C-9F02-B8757C3AEED5}.Debug|x64.Build.0 = Debug|x64
		{99A8DC09-FC66-4C1C-9F02-B8757C3AEED5}.Debug|x86.ActiveCfg = Debug|Win32
		{99A8DC09-FC66-4C1C-9F02-B8757C3AEED5}.Debug|x86.Build.0 = Debug|Win32
		{99A8DC09-FC66-4C1C-9F02-B8757C3AEED5}.Release|x64.ActiveCfg = Release|x64
		{99A8DC09-FC66-4C1C-9F02-B8757C3AEED5}.Release|x64.Build.0 = Release|x64
		{99A8DC09-FC66-4C1C-9F02-B8757C3AEED5}.Release|x86.ActiveCfg = Release|Win32
		{99A8DC09-FC66-4C1C-9F02-B8757C3AEED5}.Release|x86.Build.0 = Release|Win32
		{41BB05E3-AFE0-43EE-81D4-E183198CD44C}.Debug|x64.ActiveCfg = Debug|x64
		{41BB05E3-AFE0-43EE-81D4-E183198CD44C}.Debug|x64.Build.0 = Debug|x64
		{41BB05E3-AFE0-43EE-81D4-E183198CD44C}.Debug|x86.ActiveCfg = Debug|Win32
		{41BB05E3-AFE0-43EE-81D4-E183198CD44C}.Debug|x86.Build.0 = Debug|Win32
		{41BB05E3-AFE0-43EE-81D4-E183198CD44C}.Release|x64.ActiveCfg = Release|x64
		{41BB05E3-AFE0-43EE-81D4-E183198CD44C}.Release|x64.Build.0 = Release|x64
		{41BB05E3-AFE0-43EE-81D4-E183198CD44C}.Release|x86.ActiveCfg = Release|Win32
		{41BB05E3-AFE0-43EE-81D4-E183198CD44C}.Release|x86.Build.0 = Release|Win32
		{AB88F32C-21D7-4E88-8536-2E68E0235998}.Debug|x64.ActiveCfg = Debug|x64
		{AB88F32C-21D7-4E88-8536-2E68E0235998}.Debug|x64.Build.0 = Debug|x64
		{AB88F32C-21D7-4E88-8536-2E68E0235998}.Debug|x86.ActiveCfg = Debug|Win32
		{AB88F32C-21D7-4E88-8536-2E68E0235998}.Debug|x86.Build.0 = Debug|Win32
		{AB88F32C-21D7-4E88-8536-2E68E0235998}.Release|x64.ActiveCfg = Release|x64
		{AB88F32C-21D7-4E88-8536-2E68E0235998}.Release|x64.Build.0 = Release|x64
		{AB88F32C-21D7-4E88-8536-2E68E0235998}.Release|x86.ActiveCfg = Release|Win32
		{AB88F32C-21D7-4E88-8536-2E68E0235998}.Release|x86.Build.0 = Release|Win32
		{F254AC0E-F5A1-43CF-9E20-633EA8183F58}.Debug|x64.ActiveCfg = Debug|x64
		{F254AC0E-F5A1-43CF-9E20-633EA8183F58}.Debug|x64.Build.0 = Debug|x64
		{F254AC0E-F5A1-43CF-9E20-633EA8183F58}.Debug|x86.ActiveCfg = Debug|Win32
		{F254AC0E-F5A1-43CF-9E20-633EA8183F58}.Debug|x86.Build.0 = Debug|Win32
		{F254AC0E-F5A1-43CF-9E20-633EA8183F58}.Release|x64.ActiveCfg = Release|x64
		{F254AC0E-F5A1-43CF-9E20-633EA8183F58}.Release|x64.Build.0 = Release|x64
		{F254AC0E-F5A1-43CF-9E20-633EA8183F58}.Release|x86.ActiveCfg = Release|Win32
		{F254AC0E-F5A1-43CF-9E20-633EA8183F58}.Release|x86.Build.0 = Release|Win32
		{E028BCB8-EFBB-4422-B125-F7397F1192A9}.Debug|x64.ActiveCfg = Debug|x64
		{E028BCB8-EFBB-4422-B125-F7397F1192A9}.Debug|x64.Build.0 = Debug|x64
		{E028BCB8-EFBB-4422-B125-F7397F1192A9}.Debug|x86.ActiveCfg = Debug|Win32
		{E028BCB8-EFBB-4422-B125-F7397F1192A9}.Debug|x86.Build.0 = Debug|Win32
		{E028BCB8-EFBB-4422-B125-F7397F1192A9}.Release|x64.ActiveCfg = Release|x64
		{E028BCB8-EFBB-4422-B125-F7397F1192A9}.Release|x64.Build.0 = Release|x64
		{E028BCB8-EFBB-4422-B125-F7397F1192A9}.Release|x86.ActiveCfg = Release|Win32
		{E028BCB8-EFBB-4422-B125-F7397F1192A9}.Release|x86.Build.0 = Release|Win32
		{139A57CB-5FA1-4A92-925F-3E3A029B0C0F}.Debug|x64.ActiveCfg = Debug|x64
		{139A57CB-5FA1-4A92-925F-3E3A029B0C0F}.Debug|x64.Build.0 = Debug|x64
		{139A57CB-5FA1-4A92-925F-3E3A029B0C0F}.Debug|x86.ActiveCfg = Debug|Win32
		{139A57CB-5FA1-4A92-925F-3E3A029B0C0F}.Debug|x86.Build.0 = Debug|Win32
		{139A57CB-5FA1-4A92-925F-3E3A029B0C0F}.Release|x64.ActiveCfg = Release|x64
		{139A57CB-5FA1-4A92-925F-3E3A029B0C0F}.Release|x64.Build.0 = Release|x64
		{139A57CB-5FA1-4A92-925F-3E3A029B0C0F}.Release|x86.ActiveCfg = Release|Win32
		{139A57CB-5FA1-4A92-925F-3E3A029B0C0F}.Release|x86.Build.0 = Release|Win32
		{94E5C6D1-DE03-4B14-9DFD-E1624422AC69}.Debug|x64.ActiveCfg = Debug|x64
		{94E5C6D1-DE03-4B14-9DFD-E1624422AC69}.Debug|x64.Build.0 = Debug|x64
		{94E5C6D1-DE03-4B14-9DFD-E1624422AC69}.Debug|x86.ActiveCfg = Debug|Win32
		{94E5C6D1-DE03-4B14-9DFD-E1624422AC69}.Debug|x86.Build.0 = Debug|Win32
		{94E5C6D1-DE03-4B14-9DFD-E1624422AC69}.Release|x64.ActiveCfg = Release|x64
		{94E5C6D1-DE03-4B14-9DFD-E1624422AC69}.Release|x64.Build.0 = Release|x64
		{94E5C6D1-DE03-4B14-9DFD-E1624422AC69}.Release|x86.ActiveCfg = Release|Win32
		{94E5C6D1-DE03-4B14-9DFD-E1624422AC69}.Release|x86.Build.0 = Release|Win32
		{CC99DCF2-47C4-4E0E-9CD3-34D94209A378}.Debug|x64.ActiveCfg = Debug|x64
		{CC99DCF2-47C4-4E0E-9CD3-34D94209A378}.Debug|x64.Build.0 = Debug|x64
		{CC99DCF2-47C4-4E0E-9CD3-34D94209A378}.Debug|x86.ActiveCfg = Debug|Win32
		{CC99DCF2-47C4-4E0E-9CD3-34D94209A378}.Debug|x86.Build.0 = Debug|Win32
		{CC99DCF2-47C4-4E0E-9CD3-34D94209A378}.Release|x64.ActiveCfg = Release|x64
		{CC99DCF2-47C4-4E0E-9CD3-34D94209A378}.Release|x64.Build.0 = Release|x64
		{CC99DCF2-47C4-4E0E-9CD3-34D94209A378}.Release|x86.ActiveCfg = Release|Win32
		{CC99DCF2-47C4-4E0E-9CD3-34D94209A378}.Release|x86.Build.0 = Release|Win32
		{66B07456-0920-45BB-860A-5BFE8B7DD7FE}.Debug|x64.ActiveCfg = Debug|x64
		{66B07456-0920-45BB-860A-5BFE8B7DD7FE}.Debug|x64.Build.0 = Debug|x64
		{66B07456-0920-45BB-860A-5BFE8B7DD7FE}.Debug|x86.ActiveCfg = Debug|Win32
		{66B07456-0920-45BB-860A-5BFE8B7DD7FE}.Debug|x86.Build.0 = Debug|Win32
		{66B07456-0920-45BB-860A-5BFE8B7DD7FE}.Release|x64.ActiveCfg = Release|x64
		{66B07456-0920-45BB-860A-5BFE8B7DD7FE}.Release|x64.Build.0 = Release|x64
		{66B07456-0920-45BB-860A-5BFE8B7DD7FE}.Release|x86.ActiveCfg = Release|Win32
		{66B07456-0920-45BB-860A-5BFE8B7DD7FE}.Release|x86.Build.0 = Release|Win32
		{E7DCB7A8-2C34-4F87-BF2E-DC6F385F59B5}.Debug|x64.ActiveCfg = Debug|x64
		{E7DCB7A8-2C34-4F87-BF2E-DC6F385F59B5}.Debug|x64.Build.0 = Debug|x64
		{E7DCB7A8-2C34-4F87-BF2E-DC6F385F59B5}.Debug|x86.ActiveCfg = Debug|Win32
		{E7DCB7A8-2C34-4F87-BF2E-DC6F385F59B5}.Debug|x86.Build.0 = Debug|Win32
		{E7DCB7A8-2C34-4F87-BF2E-DC6F385F59B5}.Release|x64.ActiveCfg = Release|x64
		{E7DCB7A8-2C34-4F87-BF2E-DC6F385F59B5}.Release|x64.Build.0 = Release|x64
		{E7DCB7A8-2C34-4F87-BF2E-DC6F385F59B5}.Release|x86.ActiveCfg = Release|Win32
		{E7DCB7A8-2C34-4F87-BF2E-DC6F385F59B5}.Release|x86.Build.0 = Release|Win32
		{927395D9-E0FA-4E7A-9B20-A3B0B8DE333A}.Debug|x64.ActiveCfg = Debug|x64
		{927395D9-E0FA-4E7A-9B20-A3B0B8DE333A}.Debug|x64.Build.0 = Debug|x64
		{927395D9-E0FA-4E7A-9B20-A3B0B8DE333A}.Debug|x86.ActiveCfg = Debug|Win32
		{927395D9-E0FA-4E7A-9B20-A3B0B8DE333A}.Debug|x86.Build.0 = Debug|Win32
		{927395D9-E0FA-4E7A-9B20-A3B0B8DE333A}.Release|x64.ActiveCfg = Release|x64
		{927395D9-E0FA-4E7A-9B20-A3B0B8DE333A}.Release|x64.Build.0 = Release|x64
		{927395D9-E0FA-4E7A-9B20-A3B0B8DE333A}.Release|x86.ActiveCfg = Release|Win32
		{927395D9-E0FA-4E7A-9B20-A3B0B8DE333A}.Release|x86.Build.0 = Release|Win32
		{F5E5A00C-8E16-4325-AECD-4EF2B59BC67D}.Debug|x64.ActiveCfg = Debug|x64
		{F5E5A00C-8E16-4325-AECD-4EF2B59BC67D}.Debug|x64.Build.0 = Debug|x64
		{F5E5A00C-8E16-4325-AECD-4EF2B59BC67D}.Debug|x86.ActiveCfg = Debug|Win32
		{F5E5A00C-8E16-4325-AECD-4EF2B59BC67D}.Debug|x86.Build.0 = Debug|Win32
		{F5E5A00C-8E16-4325-AECD-4EF2B59BC67D}.Release|x64.ActiveCfg = Release|x64
		{F5E5A00C-8E16-4325-AECD-4EF2B59BC67D}.Release|x64.Build.0 = Release|x64
		{F5E5A00C-8E16-4325-AECD-4EF2B59BC67D}.Release|x86.ActiveCfg = Release|Win32
		{F5E5A00C-8E16-4325-AECD-4EF2B59BC67D}.Release|x86.Build.0 = Release|Win32
		{9DA12232-0122-4226-A3D8-06D461DC016A}.Debug|x64.ActiveCfg = Debug|x64
		{9DA12232-0122-4226-A3D8-06D461DC016A}.Debug|x64.Build.0 = Debug|x64
		{9DA12232-0122-4226-A3D8-06D461DC016A}.Debug|x86.ActiveCfg = Debug|Win32
		{9DA12232-0122-4226-A3D8-06D461DC016A}.Debug|x86.Build.0 = Debug|Win32
		{9DA12232-0122-4226-A3D8-06D461DC016A}.Release|x64.ActiveCfg = Release|x64
		{9DA12232-0122-4226-A3D8-06D461DC016A}.Release|x64.Build.0 = Release|x64
		{9DA12232-0122-4226-A3D8-06D461DC016A}.Release|x86.ActiveCfg = Release|Win32
		{9DA12232-0122-4226-A3D8-06D461DC016A}.Release|x86.Build.0 = Release|Win32
	EndGlobalSection
	GlobalSection(SolutionProperties) = preSolution
		HideSolutionNode = FALSE
	EndGlobalSection
	GlobalSection(ExtensibilityGlobals) = postSolution
		SolutionGuid = {71417CF6-D460-41E4-9042-2C933D0DBD71}
	EndGlobalSection
EndGlobal
